NeoBundleLock emmet-vim 289b3ebe63b8e9131c2cd4e6b853c5519d64e533
NeoBundleLock html5.vim 289b3ebe63b8e9131c2cd4e6b853c5519d64e533
NeoBundleLock neobundle.vim e4e6766e7bbcac9b7048ee247f02af9020b9df29
NeoBundleLock neocomplcache.vim d83bcbd0b142eb8de9d669ead26914cd7322a51c
NeoBundleLock neosnippet 289b3ebe63b8e9131c2cd4e6b853c5519d64e533
NeoBundleLock neosnippet-snippets e768cdb93c1554e2f94776778fd0d3805e23f214
NeoBundleLock nerdcommenter 289b3ebe63b8e9131c2cd4e6b853c5519d64e533
NeoBundleLock project.vim 289b3ebe63b8e9131c2cd4e6b853c5519d64e533
NeoBundleLock scss-syntax.vim 289b3ebe63b8e9131c2cd4e6b853c5519d64e533
NeoBundleLock syntastic 289b3ebe63b8e9131c2cd4e6b853c5519d64e533
NeoBundleLock vim-css3-syntax 289b3ebe63b8e9131c2cd4e6b853c5519d64e533
NeoBundleLock vim-php-dictionary 6baaf3000e829b1db6083a4a773053729bb57bf4
NeoBundleLock vim-surround 289b3ebe63b8e9131c2cd4e6b853c5519d64e533
